github.com/JeremyOne/runeTree v0.0.0-20160222094504-56ed0cf17e6d h1:XSyQOzK48onHjHmi7wJh8f0X4gtOOHJIkmIODkRqLzI=
github.com/JeremyOne/runeTree v0.0.0-20160222094504-56ed0cf17e6d/go.mod h1:Eh1tZjXr9A+gmv7RKPqMrae3FB+oUVzmPPc2v7Fr67o=
github.com/JeremyOne/subsets v0.0.0-20160222165039-9e916bfd7977 h1:D8bQQMzOJhmlRs75vmEzQwIG0rNcEZFp6Pa7Axs7aEA=
github.com/JeremyOne/subsets v0.0.0-20160222165039-9e916bfd7977/go.mod h1:pqGW78/cxirEs0+HirzINMjckeryrLZu5BPCYQOqOL4=
